<?xml version="1.0" encoding="utf-8"?>
<Project ToolsVersion="4.0" xmlns="http://schemas.microsoft.com/developer/msbuild/2003">
  <ItemGroup>
    <Filter Include="Archivos de origen">
      <UniqueIdentifier>{4FC737F1-C7A5-4376-A066-2A32D752A2FF}</UniqueIdentifier>
      <Extensions>cpp;c;cc;cxx;def;odl;idl;hpj;bat;asm;asmx</Extensions>
    </Filter>
    <Filter Include="Archivos de encabezado">
      <UniqueIdentifier>{93995380-89BD-4b04-88EB-625FBE52EBFB}</UniqueIdentifier>
      <Extensions>h;hh;hpp;hxx;hm;inl;inc;ipp;xsd</Extensions>
    </Filter>
    <Filter Include="Archivos de recursos">
      <UniqueIdentifier>{67DA6AB6-F800-4c08-8B7A-83BB121AAD01}</UniqueIdentifier>
      <Extensions>rc;ico;cur;bmp;dlg;rc2;rct;bin;rgs;gif;jpg;jpeg;jpe;resx;tiff;tif;png;wav;mfcribbon-ms</Extensions>
    </Filter>
  </ItemGroup>
  <ItemGroup>
    <ClCompile Include="main.cpp">
      <Filter>Archivos de origen</Filter>
    </ClCompile>
    <ClCompile Include="cameraclass.cpp">
      <Filter>Archivos de origen</Filter>
    </ClCompile>
    <ClCompile Include="graphicsclass.cpp">
      <Filter>Archivos de origen</Filter>
    </ClCompile>
    <ClCompile Include="lightclass.cpp">
      <Filter>Archivos de origen</Filter>
    </ClCompile>
    <ClCompile Include="lightshaderclass.cpp">
      <Filter>Archivos de origen</Filter>
    </ClCompile>
    <ClCompile Include="openglclass.cpp">
      <Filter>Archivos de origen</Filter>
    </ClCompile>
  </ItemGroup>
  <ItemGroup>
    <ClInclude Include="cameraclass.h">
      <Filter>Archivos de encabezado</Filter>
    </ClInclude>
    <ClInclude Include="openglclass.h">
      <Filter>Archivos de encabezado</Filter>
    </ClInclude>
    <ClInclude Include="lightshaderclass.h">
      <Filter>Archivos de encabezado</Filter>
    </ClInclude>
    <ClInclude Include="lightclass.h">
      <Filter>Archivos de encabezado</Filter>
    </ClInclude>
    <ClInclude Include="graphicsclass.h">
      <Filter>Archivos de encabezado</Filter>
    </ClInclude>
    <ClInclude Include="Terreno.h">
      <Filter>Archivos de encabezado</Filter>
    </ClInclude>
    <ClInclude Include="Geometrias.h">
      <Filter>Archivos de encabezado</Filter>
    </ClInclude>
    <ClInclude Include="VectorRR.h">
      <Filter>Archivos de encabezado</Filter>
    </ClInclude>
    <ClInclude Include="Imagenes.h">
      <Filter>Archivos de encabezado</Filter>
    </ClInclude>
    <ClInclude Include="SkyDome.h">
      <Filter>Archivos de encabezado</Filter>
    </ClInclude>
    <ClInclude Include="Billboard.h">
      <Filter>Archivos de encabezado</Filter>
    </ClInclude>
    <ClInclude Include="GamepadRR.h">
      <Filter>Archivos de encabezado</Filter>
    </ClInclude>
    <ClInclude Include="..\..\..\..\..\..\..\Materias\POO\Proyecto POO_Intento 04.1\Proyecto POO_SegundoIntento\PF POO\glew.h">
      <Filter>Archivos de encabezado</Filter>
    </ClInclude>
    <ClInclude Include="Water.h">
      <Filter>Archivos de encabezado</Filter>
    </ClInclude>
    <ClInclude Include="Modelos.h">
      <Filter>Archivos de encabezado</Filter>
    </ClInclude>
    <ClInclude Include="..\..\..\..\..\..\..\Materias\POO\Proyecto Antolin\Proyecto POO\MundoVirtual\gdipload.h">
      <Filter>Archivos de encabezado</Filter>
    </ClInclude>
    <ClInclude Include="..\..\..\..\..\..\..\Materias\POO\Proyecto Antolin\Proyecto POO\MundoVirtual\texturegdi.h">
      <Filter>Archivos de encabezado</Filter>
    </ClInclude>
    <ClInclude Include="..\..\..\..\..\..\..\Materias\POO\Proyecto POO_Intento 04.1\Proyecto POO_SegundoIntento\PF POO\EDXFramework.h">
      <Filter>Archivos de encabezado</Filter>
    </ClInclude>
  </ItemGroup>
  <ItemGroup>
    <None Include="Sky.vs">
      <Filter>Archivos de origen</Filter>
    </None>
    <None Include="Sky.ps">
      <Filter>Archivos de origen</Filter>
    </None>
    <None Include="..\..\..\..\..\..\..\Materias\POO\Proyecto POO_Intento 04.1\Proyecto POO_SegundoIntento\PF POO\glew32.dll">
      <Filter>Archivos de encabezado</Filter>
    </None>
    <None Include="Modelo.ps">
      <Filter>Archivos de origen</Filter>
    </None>
    <None Include="Modelo.vs">
      <Filter>Archivos de origen</Filter>
    </None>
    <None Include="Water.vs">
      <Filter>Archivos de origen</Filter>
    </None>
    <None Include="Water.ps">
      <Filter>Archivos de origen</Filter>
    </None>
    <None Include="light.ps">
      <Filter>Archivos de origen</Filter>
    </None>
    <None Include="light.vs">
      <Filter>Archivos de origen</Filter>
    </None>
    <None Include="Billboard.ps">
      <Filter>Archivos de origen</Filter>
    </None>
    <None Include="Billboard.vs">
      <Filter>Archivos de origen</Filter>
    </None>
    <None Include="shader01.ps">
      <Filter>Archivos de origen</Filter>
    </None>
    <None Include="shader01.vs">
      <Filter>Archivos de origen</Filter>
    </None>
    <None Include="shader02.ps">
      <Filter>Archivos de origen</Filter>
    </None>
    <None Include="shader02.vs">
      <Filter>Archivos de origen</Filter>
    </None>
    <None Include="shader03.ps">
      <Filter>Archivos de origen</Filter>
    </None>
    <None Include="shader03.vs">
      <Filter>Archivos de origen</Filter>
    </None>
  </ItemGroup>
  <ItemGroup>
    <Library Include="..\..\..\..\..\..\..\Materias\POO\Proyecto POO_Intento 04.1\Proyecto POO_SegundoIntento\PF POO\glew32.lib">
      <Filter>Archivos de encabezado</Filter>
    </Library>
  </ItemGroup>
</Project>